// !$*UTF8*$!
{
	archiveVersion = 1;
	classes = {
	};
	objectVersion = 55;
	objects = {

/* Begin PBXBuildFile section */
		8157709827B965F100580022 /* Tests_iOS.swift in Sources */ = {isa = PBXBuildFile; fileRef = 8157709727B965F100580022 /* Tests_iOS.swift */; };
		8157709A27B965F100580022 /* Tests_iOSLaunchTests.swift in Sources */ = {isa = PBXBuildFile; fileRef = 8157709927B965F100580022 /* Tests_iOSLaunchTests.swift */; };
		815770A427B965F100580022 /* Tests_macOS.swift in Sources */ = {isa = PBXBuildFile; fileRef = 815770A327B965F100580022 /* Tests_macOS.swift */; };
		815770A627B965F100580022 /* Tests_macOSLaunchTests.swift in Sources */ = {isa = PBXBuildFile; fileRef = 815770A527B965F100580022 /* Tests_macOSLaunchTests.swift */; };
		815770A727B965F100580022 /* testapplicationApp.swift in Sources */ = {isa = PBXBuildFile; fileRef = 8157707B27B965EF00580022 /* testapplicationApp.swift */; };
		815770A827B965F100580022 /* testapplicationApp.swift in Sources */ = {isa = PBXBuildFile; fileRef = 8157707B27B965EF00580022 /* testapplicationApp.swift */; };
		815770A927B965F100580022 /* testapplicationDocument.swift in Sources */ = {isa = PBXBuildFile; fileRef = 8157707C27B965EF00580022 /* testapplicationDocument.swift */; };
		815770AA27B965F100580022 /* testapplicationDocument.swift in Sources */ = {isa = PBXBuildFile; fileRef = 8157707C27B965EF00580022 /* testapplicationDocument.swift */; };
		815770AB27B965F100580022 /* ContentView.swift in Sources */ = {isa = PBXBuildFile; fileRef = 8157707D27B965EF00580022 /* ContentView.swift */; };
		815770AC27B965F100580022 /* ContentView.swift in Sources */ = {isa = PBXBuildFile; fileRef = 8157707D27B965EF00580022 /* ContentView.swift */; };
		815770AD27B965F100580022 /* Assets.xcassets in Resources */ = {isa = PBXBuildFile; fileRef = 8157707E27B965F000580022 /* Assets.xcassets */; };
		815770AE27B965F100580022 /* Assets.xcassets in Resources */ = {isa = PBXBuildFile; fileRef = 8157707E27B965F000580022 /* Assets.xcassets */; };
/* End PBXBuildFile section */

/* Begin PBXContainerItemProxy section */
		8157709427B965F100580022 /* PBXContainerItemProxy */ = {
			isa = PBXContainerItemProxy;
			containerPortal = 8157707627B965EF00580022 /* Project object */;
			proxyType = 1;
			remoteGlobalIDString = 8157708227B965F000580022;
			remoteInfo = "testapplication (iOS)";
		};
		815770A027B965F100580022 /* PBXContainerItemProxy */ = {
			isa = PBXContainerItemProxy;
			containerPortal = 8157707627B965EF00580022 /* Project object */;
			proxyType = 1;
			remoteGlobalIDString = 8157708A27B965F000580022;
			remoteInfo = "testapplication (macOS)";
		};
/* End PBXContainerItemProxy section */

/* Begin PBXFileReference section */
		8157707B27B965EF00580022 /* testapplicationApp.swift */ = {isa = PBXFileReference; lastKnownFileType = sourcecode.swift; path = testapplicationApp.swift; sourceTree = "<group>"; };
		8157707C27B965EF00580022 /* testapplicationDocument.swift */ = {isa = PBXFileReference; lastKnownFileType = sourcecode.swift; path = testapplicationDocument.swift; sourceTree = "<group>"; };
		8157707D27B965EF00580022 /* ContentView.swift */ = {isa = PBXFileReference; lastKnownFileType = sourcecode.swift; path = ContentView.swift; sourceTree = "<group>"; };
		8157707E27B965F000580022 /* Assets.xcassets */ = {isa = PBXFileReference; lastKnownFileType = folder.assetcatalog; path = Assets.xcassets; sourceTree = "<group>"; };
		8157708327B965F000580022 /* testapplication.app */ = {isa = PBXFileReference; explicitFileType = wrapper.application; includeInIndex = 0; path = testapplication.app; sourceTree = BUILT_PRODUCTS_DIR; };
		8157708627B965F000580022 /* Info.plist */ = {isa = PBXFileReference; lastKnownFileType = text.plist.xml; path = Info.plist; sourceTree = "<group>"; };
		8157708B27B965F000580022 /* testapplication.app */ = {isa = PBXFileReference; explicitFileType = wrapper.application; includeInIndex = 0; path = testapplication.app; sourceTree = BUILT_PRODUCTS_DIR; };
		8157708D27B965F000580022 /* Info.plist */ = {isa = PBXFileReference; lastKnownFileType = text.plist.xml; path = Info.plist; sourceTree = "<group>"; };
		8157708E27B965F000580022 /* macOS.entitlements */ = {isa = PBXFileReference; lastKnownFileType = text.plist.entitlements; path = macOS.entitlements; sourceTree = "<group>"; };
		8157709327B965F100580022 /* Tests iOS.xctest */ = {isa = PBXFileReference; explicitFileType = wrapper.cfbundle; includeInIndex = 0; path = "Tests iOS.xctest"; sourceTree = BUILT_PRODUCTS_DIR; };
		8157709727B965F100580022 /* Tests_iOS.swift */ = {isa = PBXFileReference; lastKnownFileType = sourcecode.swift; path = Tests_iOS.swift; sourceTree = "<group>"; };
		8157709927B965F100580022 /* Tests_iOSLaunchTests.swift */ = {isa = PBXFileReference; lastKnownFileType = sourcecode.swift; path = Tests_iOSLaunchTests.swift; sourceTree = "<group>"; };
		8157709F27B965F100580022 /* Tests macOS.xctest */ = {isa = PBXFileReference; explicitFileType = wrapper.cfbundle; includeInIndex = 0; path = "Tests macOS.xctest"; sourceTree = BUILT_PRODUCTS_DIR; };
		815770A327B965F100580022 /* Tests_macOS.swift */ = {isa = PBXFileReference; lastKnownFileType = sourcecode.swift; path = Tests_macOS.swift; sourceTree = "<group>"; };
		815770A527B965F100580022 /* Tests_macOSLaunchTests.swift */ = {isa = PBXFileReference; lastKnownFileType = sourcecode.swift; path = Tests_macOSLaunchTests.swift; sourceTree = "<group>"; };
/* End PBXFileReference section */

/* Begin PBXFrameworksBuildPhase section */
		8157708027B965F000580022 /* Frameworks */ = {
			isa = PBXFrameworksBuildPhase;
			buildActionMask = 2147483647;
			files = (
			);
			runOnlyForDeploymentPostprocessing = 0;
		};
		8157708827B965F000580022 /* Frameworks */ = {
			isa = PBXFrameworksBuildPhase;
			buildActionMask = 2147483647;
			files = (
			);
			runOnlyForDeploymentPostprocessing = 0;
		};
		8157709027B965F100580022 /* Frameworks */ = {
			isa = PBXFrameworksBuildPhase;
			buildActionMask = 2147483647;
			files = (
			);
			runOnlyForDeploymentPostprocessing = 0;
		};
		8157709C27B965F100580022 /* Frameworks */ = {
			isa = PBXFrameworksBuildPhase;
			buildActionMask = 2147483647;
			files = (
			);
			runOnlyForDeploymentPostprocessing = 0;
		};
/* End PBXFrameworksBuildPhase section */

/* Begin PBXGroup section */
		8157707527B965EF00580022 = {
			isa = PBXGroup;
			children = (
				8157707A27B965EF00580022 /* Shared */,
				8157708527B965F000580022 /* iOS */,
				8157708C27B965F000580022 /* macOS */,
				8157709627B965F100580022 /* Tests iOS */,
				815770A227B965F100580022 /* Tests macOS */,
				8157708427B965F000580022 /* Products */,
			);
			sourceTree = "<group>";
		};
		8157707A27B965EF00580022 /* Shared */ = {
			isa = PBXGroup;
			children = (
				8157707B27B965EF00580022 /* testapplicationApp.swift */,
				8157707C27B965EF00580022 /* testapplicationDocument.swift */,
				8157707D27B965EF00580022 /* ContentView.swift */,
				8157707E27B965F000580022 /* Assets.xcassets */,
			);
			path = Shared;
			sourceTree = "<group>";
		};
		8157708427B965F000580022 /* Products */ = {
			isa = PBXGroup;
			children = (
				8157708327B965F000580022 /* testapplication.app */,
				8157708B27B965F000580022 /* testapplication.app */,
				8157709327B965F100580022 /* Tests iOS.xctest */,
				8157709F27B965F100580022 /* Tests macOS.xctest */,
			);
			name = Products;
			sourceTree = "<group>";
		};
		8157708527B965F000580022 /* iOS */ = {
			isa = PBXGroup;
			children = (
				8157708627B965F000580022 /* Info.plist */,
			);
			path = iOS;
			sourceTree = "<group>";
		};
		8157708C27B965F000580022 /* macOS */ = {
			isa = PBXGroup;
			children = (
				8157708D27B965F000580022 /* Info.plist */,
				8157708E27B965F000580022 /* macOS.entitlements */,
			);
			path = macOS;
			sourceTree = "<group>";
		};
		8157709627B965F100580022 /* Tests iOS */ = {
			isa = PBXGroup;
			children = (
				8157709727B965F100580022 /* Tests_iOS.swift */,
				8157709927B965F100580022 /* Tests_iOSLaunchTests.swift */,
			);
			path = "Tests iOS";
			sourceTree = "<group>";
		};
		815770A227B965F100580022 /* Tests macOS */ = {
			isa = PBXGroup;
			children = (
				815770A327B965F100580022 /* Tests_macOS.swift */,
				815770A527B965F100580022 /* Tests_macOSLaunchTests.swift */,
			);
			path = "Tests macOS";
			sourceTree = "<group>";
		};
/* End PBXGroup section */

/* Begin PBXNativeTarget section */
		8157708227B965F000580022 /* testapplication (iOS) */ = {
			isa = PBXNativeTarget;
			buildConfigurationList = 815770B127B965F100580022 /* Build configuration list for PBXNativeTarget "testapplication (iOS)" */;
			buildPhases = (
				8157707F27B965F000580022 /* Sources */,
				8157708027B965F000580022 /* Frameworks */,
				8157708127B965F000580022 /* Resources */,
			);
			buildRules = (
			);
			dependencies = (
			);
			name = "testapplication (iOS)";
			productName = "testapplication (iOS)";
			productReference = 8157708327B965F000580022 /* testapplication.app */;
			productType = "com.apple.product-type.application";
		};
		8157708A27B965F000580022 /* testapplication (macOS) */ = {
			isa = PBXNativeTarget;
			buildConfigurationList = 815770B427B965F100580022 /* Build configuration list for PBXNativeTarget "testapplication (macOS)" */;
			buildPhases = (
				8157708727B965F000580022 /* Sources */,
				8157708827B965F000580022 /* Frameworks */,
				8157708927B965F000580022 /* Resources */,
			);
			buildRules = (
			);
			dependencies = (
			);
			name = "testapplication (macOS)";
			productName = "testapplication (macOS)";
			productReference = 8157708B27B965F000580022 /* testapplication.app */;
			productType = "com.apple.product-type.application";
		};
		8157709227B965F100580022 /* Tests iOS */ = {
			isa = PBXNativeTarget;
			buildConfigurationList = 815770B727B965F100580022 /* Build configuration list for PBXNativeTarget "Tests iOS" */;
			buildPhases = (
				8157708F27B965F100580022 /* Sources */,
				8157709027B965F100580022 /* Frameworks */,
				8157709127B965F100580022 /* Resources */,
			);
			buildRules = (
			);
			dependencies = (
				8157709527B965F100580022 /* PBXTargetDependency */,
			);
			name = "Tests iOS";
			productName = "Tests iOS";
			productReference = 8157709327B965F100580022 /* Tests iOS.xctest */;
			productType = "com.apple.product-type.bundle.ui-testing";
		};
		8157709E27B965F100580022 /* Tests macOS */ = {
			isa = PBXNativeTarget;
			buildConfigurationList = 815770BA27B965F100580022 /* Build configuration list for PBXNativeTarget "Tests macOS" */;
			buildPhases = (
				8157709B27B965F100580022 /* Sources */,
				8157709C27B965F100580022 /* Frameworks */,
				8157709D27B965F100580022 /* Resources */,
			);
			buildRules = (
			);
			dependencies = (
				815770A127B965F100580022 /* PBXTargetDependency */,
			);
			name = "Tests macOS";
			productName = "Tests macOS";
			productReference = 8157709F27B965F100580022 /* Tests macOS.xctest */;
			productType = "com.apple.product-type.bundle.ui-testing";
		};
/* End PBXNativeTarget section */

/* Begin PBXProject section */
		8157707627B965EF00580022 /* Project object */ = {
			isa = PBXProject;
			attributes = {
				BuildIndependentTargetsInParallel = 1;
				LastSwiftUpdateCheck = 1320;
				LastUpgradeCheck = 1320;
				TargetAttributes = {
					8157708227B965F000580022 = {
						CreatedOnToolsVersion = 13.2.1;
					};
					8157708A27B965F000580022 = {
						CreatedOnToolsVersion = 13.2.1;
					};
					8157709227B965F100580022 = {
						CreatedOnToolsVersion = 13.2.1;
						TestTargetID = 8157708227B965F000580022;
					};
					8157709E27B965F100580022 = {
						CreatedOnToolsVersion = 13.2.1;
						TestTargetID = 8157708A27B965F000580022;
					};
				};
			};
			buildConfigurationList = 8157707927B965EF00580022 /* Build configuration list for PBXProject "testapplication" */;
			compatibilityVersion = "Xcode 13.0";
			developmentRegion = en;
			hasScannedForEncodings = 0;
			knownRegions = (
				en,
				Base,
			);
			mainGroup = 8157707527B965EF00580022;
			productRefGroup = 8157708427B965F000580022 /* Products */;
			projectDirPath = "";
			projectRoot = "";
			targets = (
				8157708227B965F000580022 /* testapplication (iOS) */,
				8157708A27B965F000580022 /* testapplication (macOS) */,
				8157709227B965F100580022 /* Tests iOS */,
				8157709E27B965F100580022 /* Tests macOS */,
			);
		};
/* End PBXProject section */

/* Begin PBXResourcesBuildPhase section */
		8157708127B965F000580022 /* Resources */ = {
			isa = PBXResourcesBuildPhase;
			buildActionMask = 2147483647;
			files = (
				815770AD27B965F100580022 /* Assets.xcassets in Resources */,
			);
			runOnlyForDeploymentPostprocessing = 0;
		};
		8157708927B965F000580022 /* Resources */ = {
			isa = PBXResourcesBuildPhase;
			buildActionMask = 2147483647;
			files = (
				815770AE27B965F100580022 /* Assets.xcassets in Resources */,
			);
			runOnlyForDeploymentPostprocessing = 0;
		};
		8157709127B965F100580022 /* Resources */ = {
			isa = PBXResourcesBuildPhase;
			buildActionMask = 2147483647;
			files = (
			);
			runOnlyForDeploymentPostprocessing = 0;
		};
		8157709D27B965F100580022 /* Resources */ = {
			isa = PBXResourcesBuildPhase;
			buildActionMask = 2147483647;
			files = (
			);
			runOnlyForDeploymentPostprocessing = 0;
		};
/* End PBXResourcesBuildPhase section */

/* Begin PBXSourcesBuildPhase section */
		8157707F27B965F000580022 /* Sources */ = {
			isa = PBXSourcesBuildPhase;
			buildActionMask = 2147483647;
			files = (
				815770A727B965F100580022 /* testapplicationApp.swift in Sources */,
				815770A927B965F100580022 /* testapplicationDocument.swift in Sources */,
				815770AB27B965F100580022 /* ContentView.swift in Sources */,
			);
			runOnlyForDeploymentPostprocessing = 0;
		};
		8157708727B965F000580022 /* Sources */ = {
			isa = PBXSourcesBuildPhase;
			buildActionMask = 2147483647;
			files = (
				815770A827B965F100580022 /* testapplicationApp.swift in Sources */,
				815770AA27B965F100580022 /* testapplicationDocument.swift in Sources */,
				815770AC27B965F100580022 /* ContentView.swift in Sources */,
			);
			runOnlyForDeploymentPostprocessing = 0;
		};
		8157708F27B965F100580022 /* Sources */ = {
			isa = PBXSourcesBuildPhase;
			buildActionMask = 2147483647;
			files = (
				8157709A27B965F100580022 /* Tests_iOSLaunchTests.swift in Sources */,
				8157709827B965F100580022 /* Tests_iOS.swift in Sources */,
			);
			runOnlyForDeploymentPostprocessing = 0;
		};
		8157709B27B965F100580022 /* Sources */ = {
			isa = PBXSourcesBuildPhase;
			buildActionMask = 2147483647;
			files = (
				815770A627B965F100580022 /* Tests_macOSLaunchTests.swift in Sources */,
				815770A427B965F100580022 /* Tests_macOS.swift in Sources */,
			);
			runOnlyForDeploymentPostprocessing = 0;
		};
/* End PBXSourcesBuildPhase section */

/* Begin PBXTargetDependency section */
		8157709527B965F100580022 /* PBXTargetDependency */ = {
			isa = PBXTargetDependency;
			target = 8157708227B965F000580022 /* testapplication (iOS) */;
			targetProxy = 8157709427B965F100580022 /* PBXContainerItemProxy */;
		};
		815770A127B965F100580022 /* PBXTargetDependency */ = {
			isa = PBXTargetDependency;
			target = 8157708A27B965F000580022 /* testapplication (macOS) */;
			targetProxy = 815770A027B965F100580022 /* PBXContainerItemProxy */;
		};
/* End PBXTargetDependency section */

/* Begin XCBuildConfiguration section */
		815770AF27B965F100580022 /* Debug */ = {
			isa = XCBuildConfiguration;
			buildSettings = {
				ALWAYS_SEARCH_USER_PATHS = NO;
				CLANG_ANALYZER_NONNULL = YES;
				CLANG_ANALYZER_NUMBER_OBJECT_CONVERSION = YES_AGGRESSIVE;
				CLANG_CXX_LANGUAGE_STANDARD = "gnu++17";
				CLANG_CXX_LIBRARY = "libc++";
				CLANG_ENABLE_MODULES = YES;
				CLANG_ENABLE_OBJC_ARC = YES;
				CLANG_ENABLE_OBJC_WEAK = YES;
				CLANG_WARN_BLOCK_CAPTURE_AUTORELEASING = YES;
				CLANG_WARN_BOOL_CONVERSION = YES;
				CLANG_WARN_COMMA = YES;
				CLANG_WARN_CONSTANT_CONVERSION = YES;
				CLANG_WARN_DEPRECATED_OBJC_IMPLEMENTATIONS = YES;
				CLANG_WARN_DIRECT_OBJC_ISA_USAGE = YES_ERROR;
				CLANG_WARN_DOCUMENTATION_COMMENTS = YES;
				CLANG_WARN_EMPTY_BODY = YES;
				CLANG_WARN_ENUM_CONVERSION = YES;
				CLANG_WARN_INFINITE_RECURSION = YES;
				CLANG_WARN_INT_CONVERSION = YES;
				CLANG_WARN_NON_LITERAL_NULL_CONVERSION = YES;
				CLANG_WARN_OBJC_IMPLICIT_RETAIN_SELF = YES;
				CLANG_WARN_OBJC_LITERAL_CONVERSION = YES;
				CLANG_WARN_OBJC_ROOT_CLASS = YES_ERROR;
				CLANG_WARN_QUOTED_INCLUDE_IN_FRAMEWORK_HEADER = YES;
				CLANG_WARN_RANGE_LOOP_ANALYSIS = YES;
				CLANG_WARN_STRICT_PROTOTYPES = YES;
				CLANG_WARN_SUSPICIOUS_MOVE = YES;
				CLANG_WARN_UNGUARDED_AVAILABILITY = YES_AGGRESSIVE;
				CLANG_WARN_UNREACHABLE_CODE = YES;
				CLANG_WARN__DUPLICATE_METHOD_MATCH = YES;
				COPY_PHASE_STRIP = NO;
				DEBUG_INFORMATION_FORMAT = dwarf;
				ENABLE_STRICT_OBJC_MSGSEND = YES;
				ENABLE_TESTABILITY = YES;
				GCC_C_LANGUAGE_STANDARD = gnu11;
				GCC_DYNAMIC_NO_PIC = NO;
				GCC_NO_COMMON_BLOCKS = YES;
				GCC_OPTIMIZATION_LEVEL = 0;
				GCC_PREPROCESSOR_DEFINITIONS = (
					"DEBUG=1",
					"$(inherited)",
				);
				GCC_WARN_64_TO_32_BIT_CONVERSION = YES;
				GCC_WARN_ABOUT_RETURN_TYPE = YES_ERROR;
				GCC_WARN_UNDECLARED_SELECTOR = YES;
				GCC_WARN_UNINITIALIZED_AUTOS = YES_AGGRESSIVE;
				GCC_WARN_UNUSED_FUNCTION = YES;
				GCC_WARN_UNUSED_VARIABLE = YES;
				MTL_ENABLE_DEBUG_INFO = INCLUDE_SOURCE;
				MTL_FAST_MATH = YES;
				ONLY_ACTIVE_ARCH = YES;
				SWIFT_ACTIVE_COMPILATION_CONDITIONS = DEBUG;
				SWIFT_OPTIMIZATION_LEVEL = "-Onone";
			};
			name = Debug;
		};
		815770B027B965F100580022 /* Release */ = {
			isa = XCBuildConfiguration;
			buildSettings = {
				ALWAYS_SEARCH_USER_PATHS = NO;
				CLANG_ANALYZER_NONNULL = YES;
				CLANG_ANALYZER_NUMBER_OBJECT_CONVERSION = YES_AGGRESSIVE;
				CLANG_CXX_LANGUAGE_STANDARD = "gnu++17";
				CLANG_CXX_LIBRARY = "libc++";
				CLANG_ENABLE_MODULES = YES;
				CLANG_ENABLE_OBJC_ARC = YES;
				CLANG_ENABLE_OBJC_WEAK = YES;
				CLANG_WARN_BLOCK_CAPTURE_AUTORELEASING = YES;
				CLANG_WARN_BOOL_CONVERSION = YES;
				CLANG_WARN_COMMA = YES;
				CLANG_WARN_CONSTANT_CONVERSION = YES;
				CLANG_WARN_DEPRECATED_OBJC_IMPLEMENTATIONS = YES;
				CLANG_WARN_DIRECT_OBJC_ISA_USAGE = YES_ERROR;
				CLANG_WARN_DOCUMENTATION_COMMENTS = YES;
				CLANG_WARN_EMPTY_BODY = YES;
				CLANG_WARN_ENUM_CONVERSION = YES;
				CLANG_WARN_INFINITE_RECURSION = YES;
				CLANG_WARN_INT_CONVERSION = YES;
				CLANG_WARN_NON_LITERAL_NULL_CONVERSION = YES;
				CLANG_WARN_OBJC_IMPLICIT_RETAIN_SELF = YES;
				CLANG_WARN_OBJC_LITERAL_CONVERSION = YES;
				CLANG_WARN_OBJC_ROOT_CLASS = YES_ERROR;
				CLANG_WARN_QUOTED_INCLUDE_IN_FRAMEWORK_HEADER = YES;
				CLANG_WARN_RANGE_LOOP_ANALYSIS = YES;
				CLANG_WARN_STRICT_PROTOTYPES = YES;
				CLANG_WARN_SUSPICIOUS_MOVE = YES;
				CLANG_WARN_UNGUARDED_AVAILABILITY = YES_AGGRESSIVE;
				CLANG_WARN_UNREACHABLE_CODE = YES;
				CLANG_WARN__DUPLICATE_METHOD_MATCH = YES;
				COPY_PHASE_STRIP = NO;
				DEBUG_INFORMATION_FORMAT = "dwarf-with-dsym";
				ENABLE_NS_ASSERTIONS = NO;
				ENABLE_STRICT_OBJC_MSGSEND = YES;
				GCC_C_LANGUAGE_STANDARD = gnu11;
				GCC_NO_COMMON_BLOCKS = YES;
				GCC_WARN_64_TO_32_BIT_CONVERSION = YES;
				GCC_WARN_ABOUT_RETURN_TYPE = YES_ERROR;
				GCC_WARN_UNDECLARED_SELECTOR = YES;
				GCC_WARN_UNINITIALIZED_AUTOS = YES_AGGRESSIVE;
				GCC_WARN_UNUSED_FUNCTION = YES;
				GCC_WARN_UNUSED_VARIABLE = YES;
				MTL_ENABLE_DEBUG_INFO = NO;
				MTL_FAST_MATH = YES;
				SWIFT_COMPILATION_MODE = wholemodule;
				SWIFT_OPTIMIZATION_LEVEL = "-O";
			};
			name = Release;
		};
		815770B227B965F100580022 /* Debug */ = {
			isa = XCBuildConfiguration;
			buildSettings = {
				ASSETCATALOG_COMPILER_APPICON_NAME = AppIcon;
				ASSETCATALOG_COMPILER_GLOBAL_ACCENT_COLOR_NAME = AccentColor;
				CODE_SIGN_STYLE = Automatic;
				CURRENT_PROJECT_VERSION = 1;
				ENABLE_PREVIEWS = YES;
				GENERATE_INFOPLIST_FILE = YES;
				INFOPLIST_FILE = iOS/Info.plist;
				INFOPLIST_KEY_LSSupportsOpeningDocumentsInPlace = YES;
				INFOPLIST_KEY_UIApplicationSceneManifest_Generation = YES;
				INFOPLIST_KEY_UIApplicationSupportsIndirectInputEvents = YES;
				INFOPLIST_KEY_UILaunchScreen_Generation = YES;
				INFOPLIST_KEY_UISupportedInterfaceOrientations_iPad = "UIInterfaceOrientationPortrait UIInterfaceOrientationPortraitUpsideDown UIInterfaceOrientationLandscapeLeft UIInterfaceOrientationLandscapeRight";
				INFOPLIST_KEY_UISupportedInterfaceOrientations_iPhone = "UIInterfaceOrientationPortrait UIInterfaceOrientationLandscapeLeft UIInterfaceOrientationLandscapeRight";
				INFOPLIST_KEY_UISupportsDocumentBrowser = YES;
				IPHONEOS_DEPLOYMENT_TARGET = 15.2;
				LD_RUNPATH_SEARCH_PATHS = (
					"$(inherited)",
					"@executable_path/Frameworks",
				);
				MARKETING_VERSION = 1.0;
				PRODUCT_BUNDLE_IDENTIFIER = maxime.testapplication;
				PRODUCT_NAME = testapplication;
				SDKROOT = iphoneos;
				SWIFT_EMIT_LOC_STRINGS = YES;
				SWIFT_VERSION = 5.0;
				TARGETED_DEVICE_FAMILY = "1,2";
			};
			name = Debug;
		};
		815770B327B965F100580022 /* Release */ = {
			isa = XCBuildConfiguration;
			buildSettings = {
				ASSETCATALOG_COMPILER_APPICON_NAME = AppIcon;
				ASSETCATALOG_COMPILER_GLOBAL_ACCENT_COLOR_NAME = AccentColor;
				CODE_SIGN_STYLE = Automatic;
				CURRENT_PROJECT_VERSION = 1;
				ENABLE_PREVIEWS = YES;
				GENERATE_INFOPLIST_FILE = YES;
				INFOPLIST_FILE = iOS/Info.plist;
				INFOPLIST_KEY_LSSupportsOpeningDocumentsInPlace = YES;
				INFOPLIST_KEY_UIApplicationSceneManifest_Generation = YES;
				INFOPLIST_KEY_UIApplicationSupportsIndirectInputEvents = YES;
				INFOPLIST_KEY_UILaunchScreen_Generation = YES;
				INFOPLIST_KEY_UISupportedInterfaceOrientations_iPad = "UIInterfaceOrientationPortrait UIInterfaceOrientationPortraitUpsideDown UIInterfaceOrientationLandscapeLeft UIInterfaceOrientationLandscapeRight";
				INFOPLIST_KEY_UISupportedInterfaceOrientations_iPhone = "UIInterfaceOrientationPortrait UIInterfaceOrientationLandscapeLeft UIInterfaceOrientationLandscapeRight";
				INFOPLIST_KEY_UISupportsDocumentBrowser = YES;
				IPHONEOS_DEPLOYMENT_TARGET = 15.2;
				LD_RUNPATH_SEARCH_PATHS = (
					"$(inherited)",
					"@executable_path/Frameworks",
				);
				MARKETING_VERSION = 1.0;
				PRODUCT_BUNDLE_IDENTIFIER = maxime.testapplication;
				PRODUCT_NAME = testapplication;
				SDKROOT = iphoneos;
				SWIFT_EMIT_LOC_STRINGS = YES;
				SWIFT_VERSION = 5.0;
				TARGETED_DEVICE_FAMILY = "1,2";
				VALIDATE_PRODUCT = YES;
			};
			name = Release;
		};
		815770B527B965F100580022 /* Debug */ = {
			isa = XCBuildConfiguration;
			buildSettings = {
				ASSETCATALOG_COMPILER_APPICON_NAME = AppIcon;
				ASSETCATALOG_COMPILER_GLOBAL_ACCENT_COLOR_NAME = AccentColor;
				CODE_SIGN_ENTITLEMENTS = macOS/macOS.entitlements;
				CODE_SIGN_STYLE = Automatic;
				COMBINE_HIDPI_IMAGES = YES;
				CURRENT_PROJECT_VERSION = 1;
				ENABLE_PREVIEWS = YES;
				GENERATE_INFOPLIST_FILE = YES;
				INFOPLIST_FILE = macOS/Info.plist;
				INFOPLIST_KEY_NSHumanReadableCopyright = "";
				LD_RUNPATH_SEARCH_PATHS = (
					"$(inherited)",
					"@executable_path/../Frameworks",
				);
				MACOSX_DEPLOYMENT_TARGET = 12.1;
				MARKETING_VERSION = 1.0;
				PRODUCT_BUNDLE_IDENTIFIER = maxime.testapplication;
				PRODUCT_NAME = testapplication;
				SDKROOT = macosx;
				SWIFT_EMIT_LOC_STRINGS = YES;
				SWIFT_VERSION = 5.0;
			};
			name = Debug;
		};
		815770B627B965F100580022 /* Release */ = {
			isa = XCBuildConfiguration;
			buildSettings = {
				ASSETCATALOG_COMPILER_APPICON_NAME = AppIcon;
				ASSETCATALOG_COMPILER_GLOBAL_ACCENT_COLOR_NAME = AccentColor;
				CODE_SIGN_ENTITLEMENTS = macOS/macOS.entitlements;
				CODE_SIGN_STYLE = Automatic;
				COMBINE_HIDPI_IMAGES = YES;
				CURRENT_PROJECT_VERSION = 1;
				ENABLE_PREVIEWS = YES;
				GENERATE_INFOPLIST_FILE = YES;
				INFOPLIST_FILE = macOS/Info.plist;
				INFOPLIST_KEY_NSHumanReadableCopyright = "";
				LD_RUNPATH_SEARCH_PATHS = (
					"$(inherited)",
					"@executable_path/../Frameworks",
				);
				MACOSX_DEPLOYMENT_TARGET = 12.1;
				MARKETING_VERSION = 1.0;
				PRODUCT_BUNDLE_IDENTIFIER = maxime.testapplication;
				PRODUCT_NAME = testapplication;
				SDKROOT = macosx;
				SWIFT_EMIT_LOC_STRINGS = YES;
				SWIFT_VERSION = 5.0;
			};
			name = Release;
		};
		815770B827B965F100580022 /* Debug */ = {
			isa = XCBuildConfiguration;
			buildSettings = {
				ALWAYS_EMBED_SWIFT_STANDARD_LIBRARIES = YES;
				CODE_SIGN_STYLE = Automatic;
				CURRENT_PROJECT_VERSION = 1;
				GENERATE_INFOPLIST_FILE = YES;
				IPHONEOS_DEPLOYMENT_TARGET = 15.2;
				MARKETING_VERSION = 1.0;
				PRODUCT_BUNDLE_IDENTIFIER = "maxime.Tests-iOS";
				PRODUCT_NAME = "$(TARGET_NAME)";
				SDKROOT = iphoneos;
				SWIFT_EMIT_LOC_STRINGS = NO;
				SWIFT_VERSION = 5.0;
				TARGETED_DEVICE_FAMILY = "1,2";
				TEST_TARGET_NAME = "testapplication (iOS)";
			};
			name = Debug;
		};
		815770B927B965F100580022 /* Release */ = {
			isa = XCBuildConfiguration;
			buildSettings = {
				ALWAYS_EMBED_SWIFT_STANDARD_LIBRARIES = YES;
				CODE_SIGN_STYLE = Automatic;
				CURRENT_PROJECT_VERSION = 1;
				GENERATE_INFOPLIST_FILE = YES;
				IPHONEOS_DEPLOYMENT_TARGET = 15.2;
				MARKETING_VERSION = 1.0;
				PRODUCT_BUNDLE_IDENTIFIER = "maxime.Tests-iOS";
				PRODUCT_NAME = "$(TARGET_NAME)";
				SDKROOT = iphoneos;
				SWIFT_EMIT_LOC_STRINGS = NO;
				SWIFT_VERSION = 5.0;
				TARGETED_DEVICE_FAMILY = "1,2";
				TEST_TARGET_NAME = "testapplication (iOS)";
				VALIDATE_PRODUCT = YES;
			};
			name = Release;
		};
		815770BB27B965F100580022 /* Debug */ = {
			isa = XCBuildConfiguration;
			buildSettings = {
				ALWAYS_EMBED_SWIFT_STANDARD_LIBRARIES = YES;
				CODE_SIGN_STYLE = Automatic;
				CURRENT_PROJECT_VERSION = 1;
				GENERATE_INFOPLIST_FILE = YES;
				MACOSX_DEPLOYMENT_TARGET = 12.1;
				MARKETING_VERSION = 1.0;
				PRODUCT_BUNDLE_IDENTIFIER = "maxime.Tests-macOS";
				PRODUCT_NAME = "$(TARGET_NAME)";
				SDKROOT = macosx;
				SWIFT_EMIT_LOC_STRINGS = NO;
				SWIFT_VERSION = 5.0;
				TEST_TARGET_NAME = "testapplication (macOS)";
			};
			name = Debug;
		};
		815770BC27B965F100580022 /* Release */ = {
			isa = XCBuildConfiguration;
			buildSettings = {
				ALWAYS_EMBED_SWIFT_STANDARD_LIBRARIES = YES;
				CODE_SIGN_STYLE = Automatic;
				CURRENT_PROJECT_VERSION = 1;
				GENERATE_INFOPLIST_FILE = YES;
				MACOSX_DEPLOYMENT_TARGET = 12.1;
				MARKETING_VERSION = 1.0;
				PRODUCT_BUNDLE_IDENTIFIER = "maxime.Tests-macOS";
				PRODUCT_NAME = "$(TARGET_NAME)";
				SDKROOT = macosx;
				SWIFT_EMIT_LOC_STRINGS = NO;
				SWIFT_VERSION = 5.0;
				TEST_TARGET_NAME = "testapplication (macOS)";
			};
			name = Release;
		};
/* End XCBuildConfiguration section */

/* Begin XCConfigurationList section */
		8157707927B965EF00580022 /* Build configuration list for PBXProject "testapplication" */ = {
			isa = XCConfigurationList;
			buildConfigurations = (
				815770AF27B965F100580022 /* Debug */,
				815770B027B965F100580022 /* Release */,
			);
			defaultConfigurationIsVisible = 0;
			defaultConfigurationName = Release;
		};
		815770B127B965F100580022 /* Build configuration list for PBXNativeTarget "testapplication (iOS)" */ = {
			isa = XCConfigurationList;
			buildConfigurations = (
				815770B227B965F100580022 /* Debug */,
				815770B327B965F100580022 /* Release */,
			);
			defaultConfigurationIsVisible = 0;
			defaultConfigurationName = Release;
		};
		815770B427B965F100580022 /* Build configuration list for PBXNativeTarget "testapplication (macOS)" */ = {
			isa = XCConfigurationList;
			buildConfigurations = (
				815770B527B965F100580022 /* Debug */,
				815770B627B965F100580022 /* Release */,
			);
			defaultConfigurationIsVisible = 0;
			defaultConfigurationName = Release;
		};
		815770B727B965F100580022 /* Build configuration list for PBXNativeTarget "Tests iOS" */ = {
			isa = XCConfigurationList;
			buildConfigurations = (
				815770B827B965F100580022 /* Debug */,
				815770B927B965F100580022 /* Release */,
			);
			defaultConfigurationIsVisible = 0;
			defaultConfigurationName = Release;
		};
		815770BA27B965F100580022 /* Build configuration list for PBXNativeTarget "Tests macOS" */ = {
			isa = XCConfigurationList;
			buildConfigurations = (
				815770BB27B965F100580022 /* Debug */,
				815770BC27B965F100580022 /* Release */,
			);
			defaultConfigurationIsVisible = 0;
			defaultConfigurationName = Release;
		};
/* End XCConfigurationList section */
	};
	rootObject = 8157707627B965EF00580022 /* Project object */;
}
